// !$*UTF8*$!
{
	archiveVersion = 1;
	classes = {
	};
	objectVersion = 56;
	objects = {

/* Begin PBXBuildFile section */
		AB399E502A73763900FB2A0E /* Assignment1_s3877457App.swift in Sources */ = {isa = PBXBuildFile; fileRef = AB399E4F2A73763900FB2A0E /* Assignment1_s3877457App.swift */; };
		AB399E522A73763900FB2A0E /* ContentView.swift in Sources */ = {isa = PBXBuildFile; fileRef = AB399E512A73763900FB2A0E /* ContentView.swift */; };
		AB399E572A73763A00FB2A0E /* Preview Assets.xcassets in Resources */ = {isa = PBXBuildFile; fileRef = AB399E562A73763A00FB2A0E /* Preview Assets.xcassets */; };
		AB399E602A73772C00FB2A0E /* ListView.swift in Sources */ = {isa = PBXBuildFile; fileRef = AB399E5F2A73772C00FB2A0E /* ListView.swift */; };
		AB399E622A73778200FB2A0E /* BungeeSpice-Regular.ttf in Resources */ = {isa = PBXBuildFile; fileRef = AB399E612A73778200FB2A0E /* BungeeSpice-Regular.ttf */; };
		AB399E662A7377DE00FB2A0E /* Assets.xcassets 11-12-30-393.xcassets in Resources */ = {isa = PBXBuildFile; fileRef = AB399E652A7377DE00FB2A0E /* Assets.xcassets 11-12-30-393.xcassets */; };
		AB399E6A2A7378B200FB2A0E /* InfoView.swift in Sources */ = {isa = PBXBuildFile; fileRef = AB399E692A7378B200FB2A0E /* InfoView.swift */; };
		AB399E6C2A7378BE00FB2A0E /* CircleImage.swift in Sources */ = {isa = PBXBuildFile; fileRef = AB399E6B2A7378BE00FB2A0E /* CircleImage.swift */; };
		AB399E6E2A7378CB00FB2A0E /* Row.swift in Sources */ = {isa = PBXBuildFile; fileRef = AB399E6D2A7378CA00FB2A0E /* Row.swift */; };
		AB399E702A7378D000FB2A0E /* ContactCard.swift in Sources */ = {isa = PBXBuildFile; fileRef = AB399E6F2A7378D000FB2A0E /* ContactCard.swift */; };
		AB399E742A7378E000FB2A0E /* MapView.swift in Sources */ = {isa = PBXBuildFile; fileRef = AB399E732A7378E000FB2A0E /* MapView.swift */; };
		AB53F7322A7668000072B933 /* Contact.swift in Sources */ = {isa = PBXBuildFile; fileRef = AB53F7312A7668000072B933 /* Contact.swift */; };
		AB53F7352A7668060072B933 /* modelData.swift in Sources */ = {isa = PBXBuildFile; fileRef = AB53F7342A7668060072B933 /* modelData.swift */; };
/* End PBXBuildFile section */

/* Begin PBXFileReference section */
		AB399E4C2A73763900FB2A0E /* Assignment1-s3877457.app */ = {isa = PBXFileReference; explicitFileType = wrapper.application; includeInIndex = 0; path = "Assignment1-s3877457.app"; sourceTree = BUILT_PRODUCTS_DIR; };
		AB399E4F2A73763900FB2A0E /* Assignment1_s3877457App.swift */ = {isa = PBXFileReference; lastKnownFileType = sourcecode.swift; path = Assignment1_s3877457App.swift; sourceTree = "<group>"; };
		AB399E512A73763900FB2A0E /* ContentView.swift */ = {isa = PBXFileReference; lastKnownFileType = sourcecode.swift; path = ContentView.swift; sourceTree = "<group>"; };
		AB399E562A73763A00FB2A0E /* Preview Assets.xcassets */ = {isa = PBXFileReference; lastKnownFileType = folder.assetcatalog; path = "Preview Assets.xcassets"; sourceTree = "<group>"; };
		AB399E5F2A73772C00FB2A0E /* ListView.swift */ = {isa = PBXFileReference; fileEncoding = 4; lastKnownFileType = sourcecode.swift; path = ListView.swift; sourceTree = "<group>"; };
		AB399E612A73778200FB2A0E /* BungeeSpice-Regular.ttf */ = {isa = PBXFileReference; lastKnownFileType = file; path = "BungeeSpice-Regular.ttf"; sourceTree = "<group>"; };
		AB399E652A7377DE00FB2A0E /* Assets.xcassets 11-12-30-393.xcassets */ = {isa = PBXFileReference; lastKnownFileType = folder.assetcatalog; path = "Assets.xcassets 11-12-30-393.xcassets"; sourceTree = "<group>"; };
		AB399E692A7378B200FB2A0E /* InfoView.swift */ = {isa = PBXFileReference; fileEncoding = 4; lastKnownFileType = sourcecode.swift; path = InfoView.swift; sourceTree = "<group>"; };
		AB399E6B2A7378BE00FB2A0E /* CircleImage.swift */ = {isa = PBXFileReference; fileEncoding = 4; lastKnownFileType = sourcecode.swift; path = CircleImage.swift; sourceTree = "<group>"; };
		AB399E6D2A7378CA00FB2A0E /* Row.swift */ = {isa = PBXFileReference; fileEncoding = 4; lastKnownFileType = sourcecode.swift; path = Row.swift; sourceTree = "<group>"; };
		AB399E6F2A7378D000FB2A0E /* ContactCard.swift */ = {isa = PBXFileReference; fileEncoding = 4; lastKnownFileType = sourcecode.swift; path = ContactCard.swift; sourceTree = "<group>"; };
		AB399E732A7378E000FB2A0E /* MapView.swift */ = {isa = PBXFileReference; fileEncoding = 4; lastKnownFileType = sourcecode.swift; path = MapView.swift; sourceTree = "<group>"; };
		AB399E802A737AE100FB2A0E /* Info.plist */ = {isa = PBXFileReference; lastKnownFileType = text.plist; path = Info.plist; sourceTree = "<group>"; };
		AB53F7312A7668000072B933 /* Contact.swift */ = {isa = PBXFileReference; lastKnownFileType = sourcecode.swift; path = Contact.swift; sourceTree = "<group>"; };
		AB53F7332A7668020072B933 /* contacts.json */ = {isa = PBXFileReference; lastKnownFileType = text.json; path = contacts.json; sourceTree = "<group>"; };
		AB53F7342A7668060072B933 /* modelData.swift */ = {isa = PBXFileReference; lastKnownFileType = sourcecode.swift; path = modelData.swift; sourceTree = "<group>"; };
/* End PBXFileReference section */

/* Begin PBXFrameworksBuildPhase section */
		AB399E492A73763900FB2A0E /* Frameworks */ = {
			isa = PBXFrameworksBuildPhase;
			buildActionMask = 2147483647;
			files = (
			);
			runOnlyForDeploymentPostprocessing = 0;
		};
/* End PBXFrameworksBuildPhase section */

/* Begin PBXGroup section */
		AB399E432A73763900FB2A0E = {
			isa = PBXGroup;
			children = (
				AB399E4E2A73763900FB2A0E /* Assignment1-s3877457 */,
				AB399E4D2A73763900FB2A0E /* Products */,
			);
			sourceTree = "<group>";
		};
		AB399E4D2A73763900FB2A0E /* Products */ = {
			isa = PBXGroup;
			children = (
				AB399E4C2A73763900FB2A0E /* Assignment1-s3877457.app */,
			);
			name = Products;
			sourceTree = "<group>";
		};
		AB399E4E2A73763900FB2A0E /* Assignment1-s3877457 */ = {
			isa = PBXGroup;
			children = (
				AB53F7362A76682A0072B933 /* model */,
				AB399E802A737AE100FB2A0E /* Info.plist */,
				AB399E4F2A73763900FB2A0E /* Assignment1_s3877457App.swift */,
				AB399E512A73763900FB2A0E /* ContentView.swift */,
				AB399E652A7377DE00FB2A0E /* Assets.xcassets 11-12-30-393.xcassets */,
				AB399E6B2A7378BE00FB2A0E /* CircleImage.swift */,
				AB399E732A7378E000FB2A0E /* MapView.swift */,
				AB399E6D2A7378CA00FB2A0E /* Row.swift */,
				AB399E6F2A7378D000FB2A0E /* ContactCard.swift */,
				AB399E5F2A73772C00FB2A0E /* ListView.swift */,
				AB399E692A7378B200FB2A0E /* InfoView.swift */,
				AB399E612A73778200FB2A0E /* BungeeSpice-Regular.ttf */,
				AB399E552A73763A00FB2A0E /* Preview Content */,
			);
			path = "Assignment1-s3877457";
			sourceTree = "<group>";
		};
		AB399E552A73763A00FB2A0E /* Preview Content */ = {
			isa = PBXGroup;
			children = (
				AB399E562A73763A00FB2A0E /* Preview Assets.xcassets */,
			);
			path = "Preview Content";
			sourceTree = "<group>";
		};
		AB53F7362A76682A0072B933 /* model */ = {
			isa = PBXGroup;
			children = (
				AB53F7312A7668000072B933 /* Contact.swift */,
				AB53F7342A7668060072B933 /* modelData.swift */,
				AB53F7332A7668020072B933 /* contacts.json */,
			);
			path = model;
			sourceTree = "<group>";
		};
/* End PBXGroup section */

/* Begin PBXNativeTarget section */
		AB399E4B2A73763900FB2A0E /* Assignment1-s3877457 */ = {
			isa = PBXNativeTarget;
			buildConfigurationList = AB399E5A2A73763A00FB2A0E /* Build configuration list for PBXNativeTarget "Assignment1-s3877457" */;
			buildPhases = (
				AB399E482A73763900FB2A0E /* Sources */,
				AB399E492A73763900FB2A0E /* Frameworks */,
				AB399E4A2A73763900FB2A0E /* Resources */,
			);
			buildRules = (
			);
			dependencies = (
			);
			name = "Assignment1-s3877457";
			productName = "Assignment1-s3877457";
			productReference = AB399E4C2A73763900FB2A0E /* Assignment1-s3877457.app */;
			productType = "com.apple.product-type.application";
		};
/* End PBXNativeTarget section */

/* Begin PBXProject section */
		AB399E442A73763900FB2A0E /* Project object */ = {
			isa = PBXProject;
			attributes = {
				BuildIndependentTargetsInParallel = 1;
				LastSwiftUpdateCheck = 1430;
				LastUpgradeCheck = 1430;
				TargetAttributes = {
					AB399E4B2A73763900FB2A0E = {
						CreatedOnToolsVersion = 14.3.1;
					};
				};
			};
			buildConfigurationList = AB399E472A73763900FB2A0E /* Build configuration list for PBXProject "Assignment1-s3877457" */;
			compatibilityVersion = "Xcode 14.0";
			developmentRegion = en;
			hasScannedForEncodings = 0;
			knownRegions = (
				en,
				Base,
			);
			mainGroup = AB399E432A73763900FB2A0E;
			productRefGroup = AB399E4D2A73763900FB2A0E /* Products */;
			projectDirPath = "";
			projectRoot = "";
			targets = (
				AB399E4B2A73763900FB2A0E /* Assignment1-s3877457 */,
			);
		};
/* End PBXProject section */

/* Begin PBXResourcesBuildPhase section */
		AB399E4A2A73763900FB2A0E /* Resources */ = {
			isa = PBXResourcesBuildPhase;
			buildActionMask = 2147483647;
			files = (
				AB399E622A73778200FB2A0E /* BungeeSpice-Regular.ttf in Resources */,
				AB399E662A7377DE00FB2A0E /* Assets.xcassets 11-12-30-393.xcassets in Resources */,
				AB399E572A73763A00FB2A0E /* Preview Assets.xcassets in Resources */,
			);
			runOnlyForDeploymentPostprocessing = 0;
		};
/* End PBXResourcesBuildPhase section */

/* Begin PBXSourcesBuildPhase section */
		AB399E482A73763900FB2A0E /* Sources */ = {
			isa = PBXSourcesBuildPhase;
			buildActionMask = 2147483647;
			files = (
				AB53F7322A7668000072B933 /* Contact.swift in Sources */,
				AB399E6A2A7378B200FB2A0E /* InfoView.swift in Sources */,
				AB399E522A73763900FB2A0E /* ContentView.swift in Sources */,
				AB399E502A73763900FB2A0E /* Assignment1_s3877457App.swift in Sources */,
				AB399E602A73772C00FB2A0E /* ListView.swift in Sources */,
				AB53F7352A7668060072B933 /* modelData.swift in Sources */,
				AB399E6E2A7378CB00FB2A0E /* Row.swift in Sources */,
				AB399E6C2A7378BE00FB2A0E /* CircleImage.swift in Sources */,
				AB399E742A7378E000FB2A0E /* MapView.swift in Sources */,
				AB399E702A7378D000FB2A0E /* ContactCard.swift in Sources */,
			);
			runOnlyForDeploymentPostprocessing = 0;
		};
/* End PBXSourcesBuildPhase section */

/* Begin XCBuildConfiguration section */
		AB399E582A73763A00FB2A0E /* Debug */ = {
			isa = XCBuildConfiguration;
			buildSettings = {
				ALWAYS_SEARCH_USER_PATHS = NO;
				CLANG_ANALYZER_NONNULL = YES;
				CLANG_ANALYZER_NUMBER_OBJECT_CONVERSION = YES_AGGRESSIVE;
				CLANG_CXX_LANGUAGE_STANDARD = "gnu++20";
				CLANG_ENABLE_MODULES = YES;
				CLANG_ENABLE_OBJC_ARC = YES;
				CLANG_ENABLE_OBJC_WEAK = YES;
				CLANG_WARN_BLOCK_CAPTURE_AUTORELEASING = YES;
				CLANG_WARN_BOOL_CONVERSION = YES;
				CLANG_WARN_COMMA = YES;
				CLANG_WARN_CONSTANT_CONVERSION = YES;
				CLANG_WARN_DEPRECATED_OBJC_IMPLEMENTATIONS = YES;
				CLANG_WARN_DIRECT_OBJC_ISA_USAGE = YES_ERROR;
				CLANG_WARN_DOCUMENTATION_COMMENTS = YES;
				CLANG_WARN_EMPTY_BODY = YES;
				CLANG_WARN_ENUM_CONVERSION = YES;
				CLANG_WARN_INFINITE_RECURSION = YES;
				CLANG_WARN_INT_CONVERSION = YES;
				CLANG_WARN_NON_LITERAL_NULL_CONVERSION = YES;
				CLANG_WARN_OBJC_IMPLICIT_RETAIN_SELF = YES;
				CLANG_WARN_OBJC_LITERAL_CONVERSION = YES;
				CLANG_WARN_OBJC_ROOT_CLASS = YES_ERROR;
				CLANG_WARN_QUOTED_INCLUDE_IN_FRAMEWORK_HEADER = YES;
				CLANG_WARN_RANGE_LOOP_ANALYSIS = YES;
				CLANG_WARN_STRICT_PROTOTYPES = YES;
				CLANG_WARN_SUSPICIOUS_MOVE = YES;
				CLANG_WARN_UNGUARDED_AVAILABILITY = YES_AGGRESSIVE;
				CLANG_WARN_UNREACHABLE_CODE = YES;
				CLANG_WARN__DUPLICATE_METHOD_MATCH = YES;
				COPY_PHASE_STRIP = NO;
				DEBUG_INFORMATION_FORMAT = dwarf;
				ENABLE_STRICT_OBJC_MSGSEND = YES;
				ENABLE_TESTABILITY = YES;
				GCC_C_LANGUAGE_STANDARD = gnu11;
				GCC_DYNAMIC_NO_PIC = NO;
				GCC_NO_COMMON_BLOCKS = YES;
				GCC_OPTIMIZATION_LEVEL = 0;
				GCC_PREPROCESSOR_DEFINITIONS = (
					"DEBUG=1",
					"$(inherited)",
				);
				GCC_WARN_64_TO_32_BIT_CONVERSION = YES;
				GCC_WARN_ABOUT_RETURN_TYPE = YES_ERROR;
				GCC_WARN_UNDECLARED_SELECTOR = YES;
				GCC_WARN_UNINITIALIZED_AUTOS = YES_AGGRESSIVE;
				GCC_WARN_UNUSED_FUNCTION = YES;
				GCC_WARN_UNUSED_VARIABLE = YES;
				IPHONEOS_DEPLOYMENT_TARGET = 16.4;
				MTL_ENABLE_DEBUG_INFO = INCLUDE_SOURCE;
				MTL_FAST_MATH = YES;
				ONLY_ACTIVE_ARCH = YES;
				SDKROOT = iphoneos;
				SWIFT_ACTIVE_COMPILATION_CONDITIONS = DEBUG;
				SWIFT_OPTIMIZATION_LEVEL = "-Onone";
			};
			name = Debug;
		};
		AB399E592A73763A00FB2A0E /* Release */ = {
			isa = XCBuildConfiguration;
			buildSettings = {
				ALWAYS_SEARCH_USER_PATHS = NO;
				CLANG_ANALYZER_NONNULL = YES;
				CLANG_ANALYZER_NUMBER_OBJECT_CONVERSION = YES_AGGRESSIVE;
				CLANG_CXX_LANGUAGE_STANDARD = "gnu++20";
				CLANG_ENABLE_MODULES = YES;
				CLANG_ENABLE_OBJC_ARC = YES;
				CLANG_ENABLE_OBJC_WEAK = YES;
				CLANG_WARN_BLOCK_CAPTURE_AUTORELEASING = YES;
				CLANG_WARN_BOOL_CONVERSION = YES;
				CLANG_WARN_COMMA = YES;
				CLANG_WARN_CONSTANT_CONVERSION = YES;
				CLANG_WARN_DEPRECATED_OBJC_IMPLEMENTATIONS = YES;
				CLANG_WARN_DIRECT_OBJC_ISA_USAGE = YES_ERROR;
				CLANG_WARN_DOCUMENTATION_COMMENTS = YES;
				CLANG_WARN_EMPTY_BODY = YES;
				CLANG_WARN_ENUM_CONVERSION = YES;
				CLANG_WARN_INFINITE_RECURSION = YES;
				CLANG_WARN_INT_CONVERSION = YES;
				CLANG_WARN_NON_LITERAL_NULL_CONVERSION = YES;
				CLANG_WARN_OBJC_IMPLICIT_RETAIN_SELF = YES;
				CLANG_WARN_OBJC_LITERAL_CONVERSION = YES;
				CLANG_WARN_OBJC_ROOT_CLASS = YES_ERROR;
				CLANG_WARN_QUOTED_INCLUDE_IN_FRAMEWORK_HEADER = YES;
				CLANG_WARN_RANGE_LOOP_ANALYSIS = YES;
				CLANG_WARN_STRICT_PROTOTYPES = YES;
				CLANG_WARN_SUSPICIOUS_MOVE = YES;
				CLANG_WARN_UNGUARDED_AVAILABILITY = YES_AGGRESSIVE;
				CLANG_WARN_UNREACHABLE_CODE = YES;
				CLANG_WARN__DUPLICATE_METHOD_MATCH = YES;
				COPY_PHASE_STRIP = NO;
				DEBUG_INFORMATION_FORMAT = "dwarf-with-dsym";
				ENABLE_NS_ASSERTIONS = NO;
				ENABLE_STRICT_OBJC_MSGSEND = YES;
				GCC_C_LANGUAGE_STANDARD = gnu11;
				GCC_NO_COMMON_BLOCKS = YES;
				GCC_WARN_64_TO_32_BIT_CONVERSION = YES;
				GCC_WARN_ABOUT_RETURN_TYPE = YES_ERROR;
				GCC_WARN_UNDECLARED_SELECTOR = YES;
				GCC_WARN_UNINITIALIZED_AUTOS = YES_AGGRESSIVE;
				GCC_WARN_UNUSED_FUNCTION = YES;
				GCC_WARN_UNUSED_VARIABLE = YES;
				IPHONEOS_DEPLOYMENT_TARGET = 16.4;
				MTL_ENABLE_DEBUG_INFO = NO;
				MTL_FAST_MATH = YES;
				SDKROOT = iphoneos;
				SWIFT_COMPILATION_MODE = wholemodule;
				SWIFT_OPTIMIZATION_LEVEL = "-O";
				VALIDATE_PRODUCT = YES;
			};
			name = Release;
		};
		AB399E5B2A73763A00FB2A0E /* Debug */ = {
			isa = XCBuildConfiguration;
			buildSettings = {
				ASSETCATALOG_COMPILER_APPICON_NAME = AppIcon;
				ASSETCATALOG_COMPILER_GLOBAL_ACCENT_COLOR_NAME = AccentColor;
				CODE_SIGN_STYLE = Automatic;
				CURRENT_PROJECT_VERSION = 1;
				DEVELOPMENT_ASSET_PATHS = "\"Assignment1-s3877457/Preview Content\"";
				ENABLE_PREVIEWS = YES;
				GENERATE_INFOPLIST_FILE = YES;
				INFOPLIST_FILE = "Assignment1-s3877457/Info.plist";
				INFOPLIST_KEY_UIApplicationSceneManifest_Generation = YES;
				INFOPLIST_KEY_UIApplicationSupportsIndirectInputEvents = YES;
				INFOPLIST_KEY_UILaunchScreen_Generation = YES;
				INFOPLIST_KEY_UISupportedInterfaceOrientations_iPad = "UIInterfaceOrientationPortrait UIInterfaceOrientationPortraitUpsideDown UIInterfaceOrientationLandscapeLeft UIInterfaceOrientationLandscapeRight";
				INFOPLIST_KEY_UISupportedInterfaceOrientations_iPhone = "UIInterfaceOrientationPortrait UIInterfaceOrientationLandscapeLeft UIInterfaceOrientationLandscapeRight";
				LD_RUNPATH_SEARCH_PATHS = (
					"$(inherited)",
					"@executable_path/Frameworks",
				);
				MARKETING_VERSION = 1.0;
				PRODUCT_BUNDLE_IDENTIFIER = "quanios.Assignment1-s3877457";
				PRODUCT_NAME = "$(TARGET_NAME)";
				SWIFT_EMIT_LOC_STRINGS = YES;
				SWIFT_VERSION = 5.0;
				TARGETED_DEVICE_FAMILY = "1,2";
			};
			name = Debug;
		};
		AB399E5C2A73763A00FB2A0E /* Release */ = {
			isa = XCBuildConfiguration;
			buildSettings = {
				ASSETCATALOG_COMPILER_APPICON_NAME = AppIcon;
				ASSETCATALOG_COMPILER_GLOBAL_ACCENT_COLOR_NAME = AccentColor;
				CODE_SIGN_STYLE = Automatic;
				CURRENT_PROJECT_VERSION = 1;
				DEVELOPMENT_ASSET_PATHS = "\"Assignment1-s3877457/Preview Content\"";
				ENABLE_PREVIEWS = YES;
				GENERATE_INFOPLIST_FILE = YES;
				INFOPLIST_FILE = "Assignment1-s3877457/Info.plist";
				INFOPLIST_KEY_UIApplicationSceneManifest_Generation = YES;
				INFOPLIST_KEY_UIApplicationSupportsIndirectInputEvents = YES;
				INFOPLIST_KEY_UILaunchScreen_Generation = YES;
				INFOPLIST_KEY_UISupportedInterfaceOrientations_iPad = "UIInterfaceOrientationPortrait UIInterfaceOrientationPortraitUpsideDown UIInterfaceOrientationLandscapeLeft UIInterfaceOrientationLandscapeRight";
				INFOPLIST_KEY_UISupportedInterfaceOrientations_iPhone = "UIInterfaceOrientationPortrait UIInterfaceOrientationLandscapeLeft UIInterfaceOrientationLandscapeRight";
				LD_RUNPATH_SEARCH_PATHS = (
					"$(inherited)",
					"@executable_path/Frameworks",
				);
				MARKETING_VERSION = 1.0;
				PRODUCT_BUNDLE_IDENTIFIER = "quanios.Assignment1-s3877457";
				PRODUCT_NAME = "$(TARGET_NAME)";
				SWIFT_EMIT_LOC_STRINGS = YES;
				SWIFT_VERSION = 5.0;
				TARGETED_DEVICE_FAMILY = "1,2";
			};
			name = Release;
		};
/* End XCBuildConfiguration section */

/* Begin XCConfigurationList section */
		AB399E472A73763900FB2A0E /* Build configuration list for PBXProject "Assignment1-s3877457" */ = {
			isa = XCConfigurationList;
			buildConfigurations = (
				AB399E582A73763A00FB2A0E /* Debug */,
				AB399E592A73763A00FB2A0E /* Release */,
			);
			defaultConfigurationIsVisible = 0;
			defaultConfigurationName = Release;
		};
		AB399E5A2A73763A00FB2A0E /* Build configuration list for PBXNativeTarget "Assignment1-s3877457" */ = {
			isa = XCConfigurationList;
			buildConfigurations = (
				AB399E5B2A73763A00FB2A0E /* Debug */,
				AB399E5C2A73763A00FB2A0E /* Release */,
			);
			defaultConfigurationIsVisible = 0;
			defaultConfigurationName = Release;
		};
/* End XCConfigurationList section */
	};
	rootObject = AB399E442A73763900FB2A0E /* Project object */;
}
